
Microsoft Visual Studio Solution File, Format Version 12.00
# Visual Studio 15
VisualStudioVersion = 15.0.27130.2027
MinimumVisualStudioVersion = 10.0.40219.1
Project("{2150E333-8FDC-42A3-9474-1A3956D46DE8}") = "Solution Items", "Solution Items", "{11F9F7A8-A185-46BB-80E7-1669CEBC04F1}"
	ProjectSection(SolutionItems) = preProject
		readme.md = readme.md
	EndProjectSection
EndProject
Project("{9A19103F-16F7-4668-BE54-9A1E7A4F7556}") = "NorthwindCore.Data", "NorthwindCore.Data\NorthwindCore.Data.csproj", "{F7D63369-552F-4015-B6F3-63C422E1578D}"
EndProject
Project("{FAE04EC0-301F-11D3-BF4B-00C04F79EFBC}") = "NorthwindCore.Web", "NorthwindCore.Web\NorthwindCore.Web.csproj", "{6F5B6884-F187-4691-9D21-0A9A9A5F1459}"
EndProject
Global
	GlobalSection(SolutionConfigurationPlatforms) = preSolution
		Debug|Any CPU = Debug|Any CPU
		Release|Any CPU = Release|Any CPU
	EndGlobalSection
	GlobalSection(ProjectConfigurationPlatforms) = postSolution
		{F7D63369-552F-4015-B6F3-63C422E1578D}.Debug|Any CPU.ActiveCfg = Debug|Any CPU
		{F7D63369-552F-4015-B6F3-63C422E1578D}.Debug|Any CPU.Build.0 = Debug|Any CPU
		{F7D63369-552F-4015-B6F3-63C422E1578D}.Release|Any CPU.ActiveCfg = Release|Any CPU
		{F7D63369-552F-4015-B6F3-63C422E1578D}.Release|Any CPU.Build.0 = Release|Any CPU
		{6F5B6884-F187-4691-9D21-0A9A9A5F1459}.Debug|Any CPU.ActiveCfg = Debug|Any CPU
		{6F5B6884-F187-4691-9D21-0A9A9A5F1459}.Debug|Any CPU.Build.0 = Debug|Any CPU
		{6F5B6884-F187-4691-9D21-0A9A9A5F1459}.Release|Any CPU.ActiveCfg = Release|Any CPU
		{6F5B6884-F187-4691-9D21-0A9A9A5F1459}.Release|Any CPU.Build.0 = Release|Any CPU
	EndGlobalSection
	GlobalSection(SolutionProperties) = preSolution
		HideSolutionNode = FALSE
	EndGlobalSection
	GlobalSection(ExtensibilityGlobals) = postSolution
		SolutionGuid = {0D7A9D08-5D64-445F-9A82-039C59A11267}
	EndGlobalSection
EndGlobal
